
Microsoft Visual Studio Solution File, Format Version 12.00
# Visual Studio Version 16
VisualStudioVersion = 16.0.29613.14
MinimumVisualStudioVersion = 10.0.40219.1
Project("{2150E333-8FDC-42A3-9474-1A3956D46DE8}") = "PurchaseMicroservice", "PurchaseMicroservice", "{66EE5B92-EBBC-4F0A-A67F-232B0F1FA5C0}"
EndProject
Project("{9A19103F-16F7-4668-BE54-9A1E7A4F7556}") = "Purchase.WebApi", "PurchaseMicroservice\PurchaseWebApi\Purchase.WebApi.csproj", "{4A96FD48-1F32-4787-8914-CE61765E2D7B}"
EndProject
Project("{9A19103F-16F7-4668-BE54-9A1E7A4F7556}") = "Purchase.Command", "PurchaseMicroservice\PurchaseCommand\Purchase.Command.csproj", "{AB5DD339-5F31-4B97-B883-8D87119A4D9C}"
EndProject
Project("{9A19103F-16F7-4668-BE54-9A1E7A4F7556}") = "Purchase.Query", "PurchaseMicroservice\PurchaseQuery\Purchase.Query.csproj", "{37C9ABAA-E217-43C1-9E78-D45B721DA6B7}"
EndProject
Project("{9A19103F-16F7-4668-BE54-9A1E7A4F7556}") = "Purchase.Core", "PurchaseMicroservice\PurchaseCore\Purchase.Core.csproj", "{ADF5C5A0-292A-47E8-933D-0E49159ECF8A}"
EndProject
Project("{9A19103F-16F7-4668-BE54-9A1E7A4F7556}") = "Purchase.Repository", "PurchaseMicroservice\PurchaseRepository\Purchase.Repository.csproj", "{1E5B4E96-249C-4239-81E1-ECC45EC1E84E}"
EndProject
Project("{9A19103F-16F7-4668-BE54-9A1E7A4F7556}") = "Purchase.Domain", "PurchaseMicroservice\PurchaseDomain\Purchase.Domain.csproj", "{B73A83B8-8E52-4CBA-AA33-19073A170AE1}"
EndProject
Project("{9A19103F-16F7-4668-BE54-9A1E7A4F7556}") = "Purchase.DTO", "PurchaseMicroservice\PurchaseDto\Purchase.DTO.csproj", "{3293F4D5-E1A8-46BA-A1B3-B06095D16FBA}"
EndProject
Project("{2150E333-8FDC-42A3-9474-1A3956D46DE8}") = "SalesMicroservice", "SalesMicroservice", "{B5EA3087-36A6-4F1B-B57D-B4A0439552AF}"
EndProject
Project("{2150E333-8FDC-42A3-9474-1A3956D46DE8}") = "InventoryMicroservice", "InventoryMicroservice", "{A520C293-BEE3-463F-A448-488C5EC15D24}"
EndProject
Project("{9A19103F-16F7-4668-BE54-9A1E7A4F7556}") = "InventoryWebApi", "InventoryMicroservice\InventoryWebApi\InventoryWebApi.csproj", "{039921D8-4248-4929-9600-F6794AEB46E0}"
EndProject
Project("{9A19103F-16F7-4668-BE54-9A1E7A4F7556}") = "Inventory.Command", "InventoryMicroservice\InventoryCommand\Inventory.Command.csproj", "{2242FC5A-384D-4644-85C0-8D8AA1D7D2DB}"
EndProject
Project("{9A19103F-16F7-4668-BE54-9A1E7A4F7556}") = "Inventory.CommandHandler", "InventoryMicroservice\InventoryCommandHandler\Inventory.CommandHandler.csproj", "{DCE0ABDE-C706-4357-B2C2-508E5E5E4028}"
EndProject
Project("{9A19103F-16F7-4668-BE54-9A1E7A4F7556}") = "InventoryQuery", "InventoryMicroservice\InventoryQuery\InventoryQuery.csproj", "{F6BCF270-F199-4DD7-A1C3-D4132FDBDC03}"
EndProject
Project("{9A19103F-16F7-4668-BE54-9A1E7A4F7556}") = "InventoryQueryHandler", "InventoryMicroservice\InventoryQueryHandler\InventoryQueryHandler.csproj", "{495F1E24-3A2E-44D1-BE21-07ABAD784B22}"
EndProject
Project("{9A19103F-16F7-4668-BE54-9A1E7A4F7556}") = "Inventory.Domain", "InventoryMicroservice\InventoryDomain\Inventory.Domain.csproj", "{8B8EEB17-30F9-40D5-9C6B-BB80E0C5E5CC}"
EndProject
Project("{9A19103F-16F7-4668-BE54-9A1E7A4F7556}") = "Inventory.Repository", "InventoryMicroservice\InventoryRepository\Inventory.Repository.csproj", "{9F7C7EF9-DFE1-4CF1-BBA4-E76618D973E8}"
EndProject
Project("{9A19103F-16F7-4668-BE54-9A1E7A4F7556}") = "Inventory.DTO", "InventoryMicroservice\InventoryDto\Inventory.DTO.csproj", "{2B8CA8C4-B09F-4161-9687-14CCC589D1F4}"
EndProject
Project("{9A19103F-16F7-4668-BE54-9A1E7A4F7556}") = "SalesWebApi", "SalesMicroservice\SalesWebApi\SalesWebApi.csproj", "{39EA2A18-2DD0-4C9D-988F-E61EF77ADF1A}"
EndProject
Project("{9A19103F-16F7-4668-BE54-9A1E7A4F7556}") = "Sales.Core", "SalesMicroservice\SalesCore\Sales.Core.csproj", "{59677058-994E-487E-B294-EE9C71DA96D2}"
EndProject
Project("{9A19103F-16F7-4668-BE54-9A1E7A4F7556}") = "Sales.Command", "SalesMicroservice\SalesCommand\Sales.Command.csproj", "{16A1506C-A00D-450F-8782-43060B8C240B}"
EndProject
Project("{9A19103F-16F7-4668-BE54-9A1E7A4F7556}") = "Sales.CommandHandler", "SalesMicroservice\SalesCommandHandler\Sales.CommandHandler.csproj", "{5B2200C9-36FE-4D5B-BA73-B0171FAE6A01}"
EndProject
Project("{9A19103F-16F7-4668-BE54-9A1E7A4F7556}") = "Sales.Query", "SalesMicroservice\SalesQuery\Sales.Query.csproj", "{165E63CF-5C74-4DF5-A4B1-5883ED032F2C}"
EndProject
Project("{9A19103F-16F7-4668-BE54-9A1E7A4F7556}") = "Sales.QueryHandler", "SalesMicroservice\SalesQueryHandler\Sales.QueryHandler.csproj", "{80F6E25B-6F22-4D14-9C0D-9C6AEF30A5D1}"
EndProject
Project("{9A19103F-16F7-4668-BE54-9A1E7A4F7556}") = "Sales.Domain", "SalesMicroservice\SalesDomain\Sales.Domain.csproj", "{6D8DC78C-F1D1-43E6-B1FC-3DA5AE1CF8D2}"
EndProject
Project("{9A19103F-16F7-4668-BE54-9A1E7A4F7556}") = "Sales.Repository", "SalesMicroservice\SalesRepository\Sales.Repository.csproj", "{3E5DC4CA-772C-4FAF-8B11-CC3AECE210E0}"
EndProject
Project("{9A19103F-16F7-4668-BE54-9A1E7A4F7556}") = "Sales.DTO", "SalesMicroservice\SalesDto\Sales.DTO.csproj", "{2A91ABB0-3955-4E08-8C20-6231A2D0F17D}"
EndProject
Project("{2150E333-8FDC-42A3-9474-1A3956D46DE8}") = "CommonAll", "CommonAll", "{7A660546-3B3E-44B8-BF65-422CDA59BED4}"
EndProject
Project("{9A19103F-16F7-4668-BE54-9A1E7A4F7556}") = "Purchase.CommandHandler", "PurchaseMicroservice\PurchaseCommandHandler\Purchase.CommandHandler.csproj", "{EF1FF2CC-BC36-497B-9D21-E0851909325F}"
EndProject
Project("{9A19103F-16F7-4668-BE54-9A1E7A4F7556}") = "Common.Infrastructure", "CommonAll\Common.Infrastructure\Common.Infrastructure.csproj", "{72DAEC1C-873C-43BC-B027-9FD67AF7E4B8}"
EndProject
Project("{9A19103F-16F7-4668-BE54-9A1E7A4F7556}") = "Common.Core", "CommonAll\Common.Core\Common.Core.csproj", "{B2ED16D4-F4CB-4B93-817C-C787213D8A6E}"
EndProject
Project("{9A19103F-16F7-4668-BE54-9A1E7A4F7556}") = "Inventory.EventHandler", "InventoryMicroservice\Inventory.EventHandler\Inventory.EventHandler\Inventory.EventHandler.csproj", "{5028999F-F0EC-4421-A786-606372EC0B01}"
EndProject
Project("{FAE04EC0-301F-11D3-BF4B-00C04F79EFBC}") = "Common.Infrastructure.Tests", "CommonAll\Common.Infrastructure.Tests\Common.Infrastructure.Tests.csproj", "{E17DA84E-69C1-4EB9-AC24-39A9605259EE}"
EndProject
Project("{FAE04EC0-301F-11D3-BF4B-00C04F79EFBC}") = "Purchase.QueryHandler", "PurchaseMicroservice\Purchase.QueryHandler\Purchase.QueryHandler.csproj", "{0D327170-0673-4A43-8A29-07912377A898}"
EndProject
Project("{FAE04EC0-301F-11D3-BF4B-00C04F79EFBC}") = "Common.Core.Tests", "CommonAll\Common.Core.Tests\Common.Core.Tests.csproj", "{DAE9ABA6-E347-4659-B579-D80A6AC2000E}"
EndProject
Global
	GlobalSection(SolutionConfigurationPlatforms) = preSolution
		Debug|Any CPU = Debug|Any CPU
		Release|Any CPU = Release|Any CPU
	EndGlobalSection
	GlobalSection(ProjectConfigurationPlatforms) = postSolution
		{4A96FD48-1F32-4787-8914-CE61765E2D7B}.Debug|Any CPU.ActiveCfg = Debug|Any CPU
		{4A96FD48-1F32-4787-8914-CE61765E2D7B}.Debug|Any CPU.Build.0 = Debug|Any CPU
		{4A96FD48-1F32-4787-8914-CE61765E2D7B}.Release|Any CPU.ActiveCfg = Release|Any CPU
		{4A96FD48-1F32-4787-8914-CE61765E2D7B}.Release|Any CPU.Build.0 = Release|Any CPU
		{AB5DD339-5F31-4B97-B883-8D87119A4D9C}.Debug|Any CPU.ActiveCfg = Debug|Any CPU
		{AB5DD339-5F31-4B97-B883-8D87119A4D9C}.Debug|Any CPU.Build.0 = Debug|Any CPU
		{AB5DD339-5F31-4B97-B883-8D87119A4D9C}.Release|Any CPU.ActiveCfg = Release|Any CPU
		{AB5DD339-5F31-4B97-B883-8D87119A4D9C}.Release|Any CPU.Build.0 = Release|Any CPU
		{37C9ABAA-E217-43C1-9E78-D45B721DA6B7}.Debug|Any CPU.ActiveCfg = Debug|Any CPU
		{37C9ABAA-E217-43C1-9E78-D45B721DA6B7}.Debug|Any CPU.Build.0 = Debug|Any CPU
		{37C9ABAA-E217-43C1-9E78-D45B721DA6B7}.Release|Any CPU.ActiveCfg = Release|Any CPU
		{37C9ABAA-E217-43C1-9E78-D45B721DA6B7}.Release|Any CPU.Build.0 = Release|Any CPU
		{ADF5C5A0-292A-47E8-933D-0E49159ECF8A}.Debug|Any CPU.ActiveCfg = Debug|Any CPU
		{ADF5C5A0-292A-47E8-933D-0E49159ECF8A}.Debug|Any CPU.Build.0 = Debug|Any CPU
		{ADF5C5A0-292A-47E8-933D-0E49159ECF8A}.Release|Any CPU.ActiveCfg = Release|Any CPU
		{ADF5C5A0-292A-47E8-933D-0E49159ECF8A}.Release|Any CPU.Build.0 = Release|Any CPU
		{1E5B4E96-249C-4239-81E1-ECC45EC1E84E}.Debug|Any CPU.ActiveCfg = Debug|Any CPU
		{1E5B4E96-249C-4239-81E1-ECC45EC1E84E}.Debug|Any CPU.Build.0 = Debug|Any CPU
		{1E5B4E96-249C-4239-81E1-ECC45EC1E84E}.Release|Any CPU.ActiveCfg = Release|Any CPU
		{1E5B4E96-249C-4239-81E1-ECC45EC1E84E}.Release|Any CPU.Build.0 = Release|Any CPU
		{B73A83B8-8E52-4CBA-AA33-19073A170AE1}.Debug|Any CPU.ActiveCfg = Debug|Any CPU
		{B73A83B8-8E52-4CBA-AA33-19073A170AE1}.Debug|Any CPU.Build.0 = Debug|Any CPU
		{B73A83B8-8E52-4CBA-AA33-19073A170AE1}.Release|Any CPU.ActiveCfg = Release|Any CPU
		{B73A83B8-8E52-4CBA-AA33-19073A170AE1}.Release|Any CPU.Build.0 = Release|Any CPU
		{3293F4D5-E1A8-46BA-A1B3-B06095D16FBA}.Debug|Any CPU.ActiveCfg = Debug|Any CPU
		{3293F4D5-E1A8-46BA-A1B3-B06095D16FBA}.Debug|Any CPU.Build.0 = Debug|Any CPU
		{3293F4D5-E1A8-46BA-A1B3-B06095D16FBA}.Release|Any CPU.ActiveCfg = Release|Any CPU
		{3293F4D5-E1A8-46BA-A1B3-B06095D16FBA}.Release|Any CPU.Build.0 = Release|Any CPU
		{039921D8-4248-4929-9600-F6794AEB46E0}.Debug|Any CPU.ActiveCfg = Debug|Any CPU
		{039921D8-4248-4929-9600-F6794AEB46E0}.Debug|Any CPU.Build.0 = Debug|Any CPU
		{039921D8-4248-4929-9600-F6794AEB46E0}.Release|Any CPU.ActiveCfg = Release|Any CPU
		{039921D8-4248-4929-9600-F6794AEB46E0}.Release|Any CPU.Build.0 = Release|Any CPU
		{2242FC5A-384D-4644-85C0-8D8AA1D7D2DB}.Debug|Any CPU.ActiveCfg = Debug|Any CPU
		{2242FC5A-384D-4644-85C0-8D8AA1D7D2DB}.Debug|Any CPU.Build.0 = Debug|Any CPU
		{2242FC5A-384D-4644-85C0-8D8AA1D7D2DB}.Release|Any CPU.ActiveCfg = Release|Any CPU
		{2242FC5A-384D-4644-85C0-8D8AA1D7D2DB}.Release|Any CPU.Build.0 = Release|Any CPU
		{DCE0ABDE-C706-4357-B2C2-508E5E5E4028}.Debug|Any CPU.ActiveCfg = Debug|Any CPU
		{DCE0ABDE-C706-4357-B2C2-508E5E5E4028}.Debug|Any CPU.Build.0 = Debug|Any CPU
		{DCE0ABDE-C706-4357-B2C2-508E5E5E4028}.Release|Any CPU.ActiveCfg = Release|Any CPU
		{DCE0ABDE-C706-4357-B2C2-508E5E5E4028}.Release|Any CPU.Build.0 = Release|Any CPU
		{F6BCF270-F199-4DD7-A1C3-D4132FDBDC03}.Debug|Any CPU.ActiveCfg = Debug|Any CPU
		{F6BCF270-F199-4DD7-A1C3-D4132FDBDC03}.Debug|Any CPU.Build.0 = Debug|Any CPU
		{F6BCF270-F199-4DD7-A1C3-D4132FDBDC03}.Release|Any CPU.ActiveCfg = Release|Any CPU
		{F6BCF270-F199-4DD7-A1C3-D4132FDBDC03}.Release|Any CPU.Build.0 = Release|Any CPU
		{495F1E24-3A2E-44D1-BE21-07ABAD784B22}.Debug|Any CPU.ActiveCfg = Debug|Any CPU
		{495F1E24-3A2E-44D1-BE21-07ABAD784B22}.Debug|Any CPU.Build.0 = Debug|Any CPU
		{495F1E24-3A2E-44D1-BE21-07ABAD784B22}.Release|Any CPU.ActiveCfg = Release|Any CPU
		{495F1E24-3A2E-44D1-BE21-07ABAD784B22}.Release|Any CPU.Build.0 = Release|Any CPU
		{8B8EEB17-30F9-40D5-9C6B-BB80E0C5E5CC}.Debug|Any CPU.ActiveCfg = Debug|Any CPU
		{8B8EEB17-30F9-40D5-9C6B-BB80E0C5E5CC}.Debug|Any CPU.Build.0 = Debug|Any CPU
		{8B8EEB17-30F9-40D5-9C6B-BB80E0C5E5CC}.Release|Any CPU.ActiveCfg = Release|Any CPU
		{8B8EEB17-30F9-40D5-9C6B-BB80E0C5E5CC}.Release|Any CPU.Build.0 = Release|Any CPU
		{9F7C7EF9-DFE1-4CF1-BBA4-E76618D973E8}.Debug|Any CPU.ActiveCfg = Debug|Any CPU
		{9F7C7EF9-DFE1-4CF1-BBA4-E76618D973E8}.Debug|Any CPU.Build.0 = Debug|Any CPU
		{9F7C7EF9-DFE1-4CF1-BBA4-E76618D973E8}.Release|Any CPU.ActiveCfg = Release|Any CPU
		{9F7C7EF9-DFE1-4CF1-BBA4-E76618D973E8}.Release|Any CPU.Build.0 = Release|Any CPU
		{2B8CA8C4-B09F-4161-9687-14CCC589D1F4}.Debug|Any CPU.ActiveCfg = Debug|Any CPU
		{2B8CA8C4-B09F-4161-9687-14CCC589D1F4}.Debug|Any CPU.Build.0 = Debug|Any CPU
		{2B8CA8C4-B09F-4161-9687-14CCC589D1F4}.Release|Any CPU.ActiveCfg = Release|Any CPU
		{2B8CA8C4-B09F-4161-9687-14CCC589D1F4}.Release|Any CPU.Build.0 = Release|Any CPU
		{39EA2A18-2DD0-4C9D-988F-E61EF77ADF1A}.Debug|Any CPU.ActiveCfg = Debug|Any CPU
		{39EA2A18-2DD0-4C9D-988F-E61EF77ADF1A}.Debug|Any CPU.Build.0 = Debug|Any CPU
		{39EA2A18-2DD0-4C9D-988F-E61EF77ADF1A}.Release|Any CPU.ActiveCfg = Release|Any CPU
		{39EA2A18-2DD0-4C9D-988F-E61EF77ADF1A}.Release|Any CPU.Build.0 = Release|Any CPU
		{59677058-994E-487E-B294-EE9C71DA96D2}.Debug|Any CPU.ActiveCfg = Debug|Any CPU
		{59677058-994E-487E-B294-EE9C71DA96D2}.Debug|Any CPU.Build.0 = Debug|Any CPU
		{59677058-994E-487E-B294-EE9C71DA96D2}.Release|Any CPU.ActiveCfg = Release|Any CPU
		{59677058-994E-487E-B294-EE9C71DA96D2}.Release|Any CPU.Build.0 = Release|Any CPU
		{16A1506C-A00D-450F-8782-43060B8C240B}.Debug|Any CPU.ActiveCfg = Debug|Any CPU
		{16A1506C-A00D-450F-8782-43060B8C240B}.Debug|Any CPU.Build.0 = Debug|Any CPU
		{16A1506C-A00D-450F-8782-43060B8C240B}.Release|Any CPU.ActiveCfg = Release|Any CPU
		{16A1506C-A00D-450F-8782-43060B8C240B}.Release|Any CPU.Build.0 = Release|Any CPU
		{5B2200C9-36FE-4D5B-BA73-B0171FAE6A01}.Debug|Any CPU.ActiveCfg = Debug|Any CPU
		{5B2200C9-36FE-4D5B-BA73-B0171FAE6A01}.Debug|Any CPU.Build.0 = Debug|Any CPU
		{5B2200C9-36FE-4D5B-BA73-B0171FAE6A01}.Release|Any CPU.ActiveCfg = Release|Any CPU
		{5B2200C9-36FE-4D5B-BA73-B0171FAE6A01}.Release|Any CPU.Build.0 = Release|Any CPU
		{165E63CF-5C74-4DF5-A4B1-5883ED032F2C}.Debug|Any CPU.ActiveCfg = Debug|Any CPU
		{165E63CF-5C74-4DF5-A4B1-5883ED032F2C}.Debug|Any CPU.Build.0 = Debug|Any CPU
		{165E63CF-5C74-4DF5-A4B1-5883ED032F2C}.Release|Any CPU.ActiveCfg = Release|Any CPU
		{165E63CF-5C74-4DF5-A4B1-5883ED032F2C}.Release|Any CPU.Build.0 = Release|Any CPU
		{80F6E25B-6F22-4D14-9C0D-9C6AEF30A5D1}.Debug|Any CPU.ActiveCfg = Debug|Any CPU
		{80F6E25B-6F22-4D14-9C0D-9C6AEF30A5D1}.Debug|Any CPU.Build.0 = Debug|Any CPU
		{80F6E25B-6F22-4D14-9C0D-9C6AEF30A5D1}.Release|Any CPU.ActiveCfg = Release|Any CPU
		{80F6E25B-6F22-4D14-9C0D-9C6AEF30A5D1}.Release|Any CPU.Build.0 = Release|Any CPU
		{6D8DC78C-F1D1-43E6-B1FC-3DA5AE1CF8D2}.Debug|Any CPU.ActiveCfg = Debug|Any CPU
		{6D8DC78C-F1D1-43E6-B1FC-3DA5AE1CF8D2}.Debug|Any CPU.Build.0 = Debug|Any CPU
		{6D8DC78C-F1D1-43E6-B1FC-3DA5AE1CF8D2}.Release|Any CPU.ActiveCfg = Release|Any CPU
		{6D8DC78C-F1D1-43E6-B1FC-3DA5AE1CF8D2}.Release|Any CPU.Build.0 = Release|Any CPU
		{3E5DC4CA-772C-4FAF-8B11-CC3AECE210E0}.Debug|Any CPU.ActiveCfg = Debug|Any CPU
		{3E5DC4CA-772C-4FAF-8B11-CC3AECE210E0}.Debug|Any CPU.Build.0 = Debug|Any CPU
		{3E5DC4CA-772C-4FAF-8B11-CC3AECE210E0}.Release|Any CPU.ActiveCfg = Release|Any CPU
		{3E5DC4CA-772C-4FAF-8B11-CC3AECE210E0}.Release|Any CPU.Build.0 = Release|Any CPU
		{2A91ABB0-3955-4E08-8C20-6231A2D0F17D}.Debug|Any CPU.ActiveCfg = Debug|Any CPU
		{2A91ABB0-3955-4E08-8C20-6231A2D0F17D}.Debug|Any CPU.Build.0 = Debug|Any CPU
		{2A91ABB0-3955-4E08-8C20-6231A2D0F17D}.Release|Any CPU.ActiveCfg = Release|Any CPU
		{2A91ABB0-3955-4E08-8C20-6231A2D0F17D}.Release|Any CPU.Build.0 = Release|Any CPU
		{EF1FF2CC-BC36-497B-9D21-E0851909325F}.Debug|Any CPU.ActiveCfg = Debug|Any CPU
		{EF1FF2CC-BC36-497B-9D21-E0851909325F}.Debug|Any CPU.Build.0 = Debug|Any CPU
		{EF1FF2CC-BC36-497B-9D21-E0851909325F}.Release|Any CPU.ActiveCfg = Release|Any CPU
		{EF1FF2CC-BC36-497B-9D21-E0851909325F}.Release|Any CPU.Build.0 = Release|Any CPU
		{72DAEC1C-873C-43BC-B027-9FD67AF7E4B8}.Debug|Any CPU.ActiveCfg = Debug|Any CPU
		{72DAEC1C-873C-43BC-B027-9FD67AF7E4B8}.Debug|Any CPU.Build.0 = Debug|Any CPU
		{72DAEC1C-873C-43BC-B027-9FD67AF7E4B8}.Release|Any CPU.ActiveCfg = Release|Any CPU
		{72DAEC1C-873C-43BC-B027-9FD67AF7E4B8}.Release|Any CPU.Build.0 = Release|Any CPU
		{B2ED16D4-F4CB-4B93-817C-C787213D8A6E}.Debug|Any CPU.ActiveCfg = Debug|Any CPU
		{B2ED16D4-F4CB-4B93-817C-C787213D8A6E}.Debug|Any CPU.Build.0 = Debug|Any CPU
		{B2ED16D4-F4CB-4B93-817C-C787213D8A6E}.Release|Any CPU.ActiveCfg = Release|Any CPU
		{B2ED16D4-F4CB-4B93-817C-C787213D8A6E}.Release|Any CPU.Build.0 = Release|Any CPU
		{5028999F-F0EC-4421-A786-606372EC0B01}.Debug|Any CPU.ActiveCfg = Debug|Any CPU
		{5028999F-F0EC-4421-A786-606372EC0B01}.Debug|Any CPU.Build.0 = Debug|Any CPU
		{5028999F-F0EC-4421-A786-606372EC0B01}.Release|Any CPU.ActiveCfg = Release|Any CPU
		{5028999F-F0EC-4421-A786-606372EC0B01}.Release|Any CPU.Build.0 = Release|Any CPU
		{E17DA84E-69C1-4EB9-AC24-39A9605259EE}.Debug|Any CPU.ActiveCfg = Debug|Any CPU
		{E17DA84E-69C1-4EB9-AC24-39A9605259EE}.Debug|Any CPU.Build.0 = Debug|Any CPU
		{E17DA84E-69C1-4EB9-AC24-39A9605259EE}.Release|Any CPU.ActiveCfg = Release|Any CPU
		{E17DA84E-69C1-4EB9-AC24-39A9605259EE}.Release|Any CPU.Build.0 = Release|Any CPU
		{0D327170-0673-4A43-8A29-07912377A898}.Debug|Any CPU.ActiveCfg = Debug|Any CPU
		{0D327170-0673-4A43-8A29-07912377A898}.Debug|Any CPU.Build.0 = Debug|Any CPU
		{0D327170-0673-4A43-8A29-07912377A898}.Release|Any CPU.ActiveCfg = Release|Any CPU
		{0D327170-0673-4A43-8A29-07912377A898}.Release|Any CPU.Build.0 = Release|Any CPU
		{DAE9ABA6-E347-4659-B579-D80A6AC2000E}.Debug|Any CPU.ActiveCfg = Debug|Any CPU
		{DAE9ABA6-E347-4659-B579-D80A6AC2000E}.Debug|Any CPU.Build.0 = Debug|Any CPU
		{DAE9ABA6-E347-4659-B579-D80A6AC2000E}.Release|Any CPU.ActiveCfg = Release|Any CPU
		{DAE9ABA6-E347-4659-B579-D80A6AC2000E}.Release|Any CPU.Build.0 = Release|Any CPU
	EndGlobalSection
	GlobalSection(SolutionProperties) = preSolution
		HideSolutionNode = FALSE
	EndGlobalSection
	GlobalSection(NestedProjects) = preSolution
		{4A96FD48-1F32-4787-8914-CE61765E2D7B} = {66EE5B92-EBBC-4F0A-A67F-232B0F1FA5C0}
		{AB5DD339-5F31-4B97-B883-8D87119A4D9C} = {66EE5B92-EBBC-4F0A-A67F-232B0F1FA5C0}
		{37C9ABAA-E217-43C1-9E78-D45B721DA6B7} = {66EE5B92-EBBC-4F0A-A67F-232B0F1FA5C0}
		{ADF5C5A0-292A-47E8-933D-0E49159ECF8A} = {66EE5B92-EBBC-4F0A-A67F-232B0F1FA5C0}
		{1E5B4E96-249C-4239-81E1-ECC45EC1E84E} = {66EE5B92-EBBC-4F0A-A67F-232B0F1FA5C0}
		{B73A83B8-8E52-4CBA-AA33-19073A170AE1} = {66EE5B92-EBBC-4F0A-A67F-232B0F1FA5C0}
		{3293F4D5-E1A8-46BA-A1B3-B06095D16FBA} = {66EE5B92-EBBC-4F0A-A67F-232B0F1FA5C0}
		{039921D8-4248-4929-9600-F6794AEB46E0} = {A520C293-BEE3-463F-A448-488C5EC15D24}
		{2242FC5A-384D-4644-85C0-8D8AA1D7D2DB} = {A520C293-BEE3-463F-A448-488C5EC15D24}
		{DCE0ABDE-C706-4357-B2C2-508E5E5E4028} = {A520C293-BEE3-463F-A448-488C5EC15D24}
		{F6BCF270-F199-4DD7-A1C3-D4132FDBDC03} = {A520C293-BEE3-463F-A448-488C5EC15D24}
		{495F1E24-3A2E-44D1-BE21-07ABAD784B22} = {A520C293-BEE3-463F-A448-488C5EC15D24}
		{8B8EEB17-30F9-40D5-9C6B-BB80E0C5E5CC} = {A520C293-BEE3-463F-A448-488C5EC15D24}
		{9F7C7EF9-DFE1-4CF1-BBA4-E76618D973E8} = {A520C293-BEE3-463F-A448-488C5EC15D24}
		{2B8CA8C4-B09F-4161-9687-14CCC589D1F4} = {A520C293-BEE3-463F-A448-488C5EC15D24}
		{39EA2A18-2DD0-4C9D-988F-E61EF77ADF1A} = {B5EA3087-36A6-4F1B-B57D-B4A0439552AF}
		{59677058-994E-487E-B294-EE9C71DA96D2} = {B5EA3087-36A6-4F1B-B57D-B4A0439552AF}
		{16A1506C-A00D-450F-8782-43060B8C240B} = {B5EA3087-36A6-4F1B-B57D-B4A0439552AF}
		{5B2200C9-36FE-4D5B-BA73-B0171FAE6A01} = {B5EA3087-36A6-4F1B-B57D-B4A0439552AF}
		{165E63CF-5C74-4DF5-A4B1-5883ED032F2C} = {B5EA3087-36A6-4F1B-B57D-B4A0439552AF}
		{80F6E25B-6F22-4D14-9C0D-9C6AEF30A5D1} = {B5EA3087-36A6-4F1B-B57D-B4A0439552AF}
		{6D8DC78C-F1D1-43E6-B1FC-3DA5AE1CF8D2} = {B5EA3087-36A6-4F1B-B57D-B4A0439552AF}
		{3E5DC4CA-772C-4FAF-8B11-CC3AECE210E0} = {B5EA3087-36A6-4F1B-B57D-B4A0439552AF}
		{2A91ABB0-3955-4E08-8C20-6231A2D0F17D} = {B5EA3087-36A6-4F1B-B57D-B4A0439552AF}
		{EF1FF2CC-BC36-497B-9D21-E0851909325F} = {66EE5B92-EBBC-4F0A-A67F-232B0F1FA5C0}
		{72DAEC1C-873C-43BC-B027-9FD67AF7E4B8} = {7A660546-3B3E-44B8-BF65-422CDA59BED4}
		{B2ED16D4-F4CB-4B93-817C-C787213D8A6E} = {7A660546-3B3E-44B8-BF65-422CDA59BED4}
		{5028999F-F0EC-4421-A786-606372EC0B01} = {A520C293-BEE3-463F-A448-488C5EC15D24}
		{E17DA84E-69C1-4EB9-AC24-39A9605259EE} = {7A660546-3B3E-44B8-BF65-422CDA59BED4}
		{0D327170-0673-4A43-8A29-07912377A898} = {66EE5B92-EBBC-4F0A-A67F-232B0F1FA5C0}
		{DAE9ABA6-E347-4659-B579-D80A6AC2000E} = {7A660546-3B3E-44B8-BF65-422CDA59BED4}
	EndGlobalSection
	GlobalSection(ExtensibilityGlobals) = postSolution
		SolutionGuid = {A562724F-A53A-4048-8F82-F40597B34CE3}
	EndGlobalSection
EndGlobal
