
Microsoft Visual Studio Solution File, Format Version 12.00
# Visual Studio Version 16
VisualStudioVersion = 16.0.29613.14
MinimumVisualStudioVersion = 10.0.40219.1
Project("{2150E333-8FDC-42A3-9474-1A3956D46DE8}") = "PurchaseMicroservice", "PurchaseMicroservice", "{66EE5B92-EBBC-4F0A-A67F-232B0F1FA5C0}"
EndProject
Project("{9A19103F-16F7-4668-BE54-9A1E7A4F7556}") = "PurchaseWebApi", "PurchaseMicroservice\PurchaseWebApi\PurchaseWebApi.csproj", "{4A96FD48-1F32-4787-8914-CE61765E2D7B}"
EndProject
Project("{9A19103F-16F7-4668-BE54-9A1E7A4F7556}") = "PurchaseCommand", "PurchaseMicroservice\PurchaseCommand\PurchaseCommand.csproj", "{AB5DD339-5F31-4B97-B883-8D87119A4D9C}"
EndProject
Project("{9A19103F-16F7-4668-BE54-9A1E7A4F7556}") = "PurchaseCommandHandler", "PurchaseMicroservice\PurchaseCommandHandler\PurchaseCommandHandler.csproj", "{BA262BD4-86FD-45C4-9AF3-42F55091728C}"
EndProject
Project("{9A19103F-16F7-4668-BE54-9A1E7A4F7556}") = "PurchaseQuery", "PurchaseMicroservice\PurchaseQuery\PurchaseQuery.csproj", "{37C9ABAA-E217-43C1-9E78-D45B721DA6B7}"
EndProject
Project("{9A19103F-16F7-4668-BE54-9A1E7A4F7556}") = "PurchaseQueryHandler", "PurchaseMicroservice\PurchaseQueryHandler\PurchaseQueryHandler.csproj", "{BA0279F1-B785-4882-A0F1-214AD8F8A5C2}"
EndProject
Project("{9A19103F-16F7-4668-BE54-9A1E7A4F7556}") = "PurchaseCore", "PurchaseMicroservice\PurchaseCore\PurchaseCore.csproj", "{ADF5C5A0-292A-47E8-933D-0E49159ECF8A}"
EndProject
Project("{9A19103F-16F7-4668-BE54-9A1E7A4F7556}") = "PurchaseDomainService", "PurchaseMicroservice\PurchaseDomainService\PurchaseDomainService.csproj", "{07EF2F57-0E96-4C38-A4E5-10C825963B33}"
EndProject
Project("{9A19103F-16F7-4668-BE54-9A1E7A4F7556}") = "PurchaseRepository", "PurchaseMicroservice\PurchaseRepository\PurchaseRepository.csproj", "{1E5B4E96-249C-4239-81E1-ECC45EC1E84E}"
EndProject
Project("{9A19103F-16F7-4668-BE54-9A1E7A4F7556}") = "PurchaseDomain", "PurchaseMicroservice\PurchaseDomain\PurchaseDomain.csproj", "{B73A83B8-8E52-4CBA-AA33-19073A170AE1}"
EndProject
Project("{9A19103F-16F7-4668-BE54-9A1E7A4F7556}") = "PurchaseDto", "PurchaseMicroservice\PurchaseDto\PurchaseDto.csproj", "{3293F4D5-E1A8-46BA-A1B3-B06095D16FBA}"
EndProject
Project("{2150E333-8FDC-42A3-9474-1A3956D46DE8}") = "SalesMicroservice", "SalesMicroservice", "{B5EA3087-36A6-4F1B-B57D-B4A0439552AF}"
EndProject
Project("{9A19103F-16F7-4668-BE54-9A1E7A4F7556}") = "PurchaseInfrastructure", "PurchaseMicroservice\PurchaseInfrastructure\PurchaseInfrastructure.csproj", "{84F8778A-588B-4921-971F-B5D79BD41040}"
EndProject
Project("{2150E333-8FDC-42A3-9474-1A3956D46DE8}") = "InventoryMicroservice", "InventoryMicroservice", "{A520C293-BEE3-463F-A448-488C5EC15D24}"
EndProject
Project("{9A19103F-16F7-4668-BE54-9A1E7A4F7556}") = "InventoryWebApi", "InventoryMicroservice\InventoryWebApi\InventoryWebApi.csproj", "{039921D8-4248-4929-9600-F6794AEB46E0}"
EndProject
Project("{9A19103F-16F7-4668-BE54-9A1E7A4F7556}") = "InventoryCore", "InventoryMicroservice\InventoryCore\InventoryCore.csproj", "{905A3F34-17E4-4E91-BECB-68F701EEDBE7}"
EndProject
Project("{9A19103F-16F7-4668-BE54-9A1E7A4F7556}") = "InventoryCommand", "InventoryMicroservice\InventoryCommand\InventoryCommand.csproj", "{2242FC5A-384D-4644-85C0-8D8AA1D7D2DB}"
EndProject
Project("{9A19103F-16F7-4668-BE54-9A1E7A4F7556}") = "InventoryCommandHandler", "InventoryMicroservice\InventoryCommandHandler\InventoryCommandHandler.csproj", "{DCE0ABDE-C706-4357-B2C2-508E5E5E4028}"
EndProject
Project("{9A19103F-16F7-4668-BE54-9A1E7A4F7556}") = "InventoryQuery", "InventoryMicroservice\InventoryQuery\InventoryQuery.csproj", "{F6BCF270-F199-4DD7-A1C3-D4132FDBDC03}"
EndProject
Project("{9A19103F-16F7-4668-BE54-9A1E7A4F7556}") = "InventoryQueryHandler", "InventoryMicroservice\InventoryQueryHandler\InventoryQueryHandler.csproj", "{495F1E24-3A2E-44D1-BE21-07ABAD784B22}"
EndProject
Project("{9A19103F-16F7-4668-BE54-9A1E7A4F7556}") = "InventoryDomain", "InventoryMicroservice\InventoryDomain\InventoryDomain.csproj", "{8B8EEB17-30F9-40D5-9C6B-BB80E0C5E5CC}"
EndProject
Project("{9A19103F-16F7-4668-BE54-9A1E7A4F7556}") = "InventoryDomainService", "InventoryMicroservice\InventoryDomainService\InventoryDomainService.csproj", "{783E79C6-5B84-4E1C-B80D-E6205BAAF754}"
EndProject
Project("{9A19103F-16F7-4668-BE54-9A1E7A4F7556}") = "InventoryRepository", "InventoryMicroservice\InventoryRepository\InventoryRepository.csproj", "{9F7C7EF9-DFE1-4CF1-BBA4-E76618D973E8}"
EndProject
Project("{9A19103F-16F7-4668-BE54-9A1E7A4F7556}") = "InventoryDto", "InventoryMicroservice\InventoryDto\InventoryDto.csproj", "{2B8CA8C4-B09F-4161-9687-14CCC589D1F4}"
EndProject
Project("{9A19103F-16F7-4668-BE54-9A1E7A4F7556}") = "InventoryInfrastructure", "InventoryMicroservice\InventoryInfrastructure\InventoryInfrastructure.csproj", "{1126A06F-C907-455B-8401-F5BBF1142AEE}"
EndProject
Project("{9A19103F-16F7-4668-BE54-9A1E7A4F7556}") = "SalesWebApi", "SalesMicroservice\SalesWebApi\SalesWebApi.csproj", "{39EA2A18-2DD0-4C9D-988F-E61EF77ADF1A}"
EndProject
Project("{9A19103F-16F7-4668-BE54-9A1E7A4F7556}") = "SalesCore", "SalesMicroservice\SalesCore\SalesCore.csproj", "{59677058-994E-487E-B294-EE9C71DA96D2}"
EndProject
Project("{9A19103F-16F7-4668-BE54-9A1E7A4F7556}") = "SalesCommand", "SalesMicroservice\SalesCommand\SalesCommand.csproj", "{16A1506C-A00D-450F-8782-43060B8C240B}"
EndProject
Project("{9A19103F-16F7-4668-BE54-9A1E7A4F7556}") = "SalesCommandHandler", "SalesMicroservice\SalesCommandHandler\SalesCommandHandler.csproj", "{5B2200C9-36FE-4D5B-BA73-B0171FAE6A01}"
EndProject
Project("{9A19103F-16F7-4668-BE54-9A1E7A4F7556}") = "SalesQuery", "SalesMicroservice\SalesQuery\SalesQuery.csproj", "{165E63CF-5C74-4DF5-A4B1-5883ED032F2C}"
EndProject
Project("{9A19103F-16F7-4668-BE54-9A1E7A4F7556}") = "SalesQueryHandler", "SalesMicroservice\SalesQueryHandler\SalesQueryHandler.csproj", "{80F6E25B-6F22-4D14-9C0D-9C6AEF30A5D1}"
EndProject
Project("{9A19103F-16F7-4668-BE54-9A1E7A4F7556}") = "SalesDomain", "SalesMicroservice\SalesDomain\SalesDomain.csproj", "{6D8DC78C-F1D1-43E6-B1FC-3DA5AE1CF8D2}"
EndProject
Project("{9A19103F-16F7-4668-BE54-9A1E7A4F7556}") = "SalesDomainService", "SalesMicroservice\SalesDomainService\SalesDomainService.csproj", "{57773A8F-94BB-442F-97E2-A2B7755AA945}"
EndProject
Project("{9A19103F-16F7-4668-BE54-9A1E7A4F7556}") = "SalesRepository", "SalesMicroservice\SalesRepository\SalesRepository.csproj", "{3E5DC4CA-772C-4FAF-8B11-CC3AECE210E0}"
EndProject
Project("{9A19103F-16F7-4668-BE54-9A1E7A4F7556}") = "SalesInfrastructure", "SalesMicroservice\SalesInfrastructure\SalesInfrastructure.csproj", "{9E6AB65E-1531-4139-88E4-94E5F5C87659}"
EndProject
Project("{9A19103F-16F7-4668-BE54-9A1E7A4F7556}") = "SalesDto", "SalesMicroservice\SalesDto\SalesDto.csproj", "{2A91ABB0-3955-4E08-8C20-6231A2D0F17D}"
EndProject
Project("{2150E333-8FDC-42A3-9474-1A3956D46DE8}") = "UserMicroservice", "UserMicroservice", "{B5283FD4-D6AD-45BE-AEC5-BD933F9C4533}"
EndProject
Project("{FAE04EC0-301F-11D3-BF4B-00C04F79EFBC}") = "UserWebApi", "UserMicroservice\UserWebApi\UserWebApi.csproj", "{4A1E9838-AF76-4A25-93FE-B8DC12C54B47}"
EndProject
Project("{FAE04EC0-301F-11D3-BF4B-00C04F79EFBC}") = "UserCommand", "UserMicroservice\UserCommand\UserCommand.csproj", "{000AFD31-3BB7-4CD2-AB4D-6B2E33FE6676}"
EndProject
Project("{FAE04EC0-301F-11D3-BF4B-00C04F79EFBC}") = "UserCommandHandler", "UserMicroservice\UserCommandHandler\UserCommandHandler.csproj", "{01E7FED7-50D0-43D1-A49F-7BB3FC792365}"
EndProject
Project("{FAE04EC0-301F-11D3-BF4B-00C04F79EFBC}") = "UserQuery", "UserMicroservice\UserQuery\UserQuery.csproj", "{714E7713-4436-4FDC-B215-240F043196DD}"
EndProject
Project("{FAE04EC0-301F-11D3-BF4B-00C04F79EFBC}") = "UserQueryHandler", "UserMicroservice\UserQueryHandler\UserQueryHandler.csproj", "{37DF1D99-9AE6-4678-82DC-161EB945475C}"
EndProject
Project("{FAE04EC0-301F-11D3-BF4B-00C04F79EFBC}") = "UserCore", "UserMicroservice\UserCore\UserCore.csproj", "{66C56082-AF76-4233-998A-8F4ABABFB992}"
EndProject
Project("{FAE04EC0-301F-11D3-BF4B-00C04F79EFBC}") = "UserInfrastructure", "UserMicroservice\UserInfrastructure\UserInfrastructure.csproj", "{A69ED109-DD53-4AFB-89B2-13B3906FDBFA}"
EndProject
Project("{FAE04EC0-301F-11D3-BF4B-00C04F79EFBC}") = "UserDomain", "UserMicroservice\UserDomain\UserDomain.csproj", "{221B3943-63F1-424A-A62D-695A615089CC}"
EndProject
Project("{FAE04EC0-301F-11D3-BF4B-00C04F79EFBC}") = "UserDomainService", "UserMicroservice\UserDomainService\UserDomainService.csproj", "{28D8BC3F-E30E-4E7A-8CE3-C992CB79FB2E}"
EndProject
Project("{FAE04EC0-301F-11D3-BF4B-00C04F79EFBC}") = "UserRepository", "UserMicroservice\UserRepository\UserRepository.csproj", "{FF25A7A5-D307-435B-8631-95B5FE48AD61}"
EndProject
Project("{FAE04EC0-301F-11D3-BF4B-00C04F79EFBC}") = "UserDto", "UserMicroservice\UserDto\UserDto.csproj", "{139D569E-456B-4EF8-B46C-C85F0B6A62A4}"
EndProject
Global
	GlobalSection(SolutionConfigurationPlatforms) = preSolution
		Debug|Any CPU = Debug|Any CPU
		Release|Any CPU = Release|Any CPU
	EndGlobalSection
	GlobalSection(ProjectConfigurationPlatforms) = postSolution
		{4A96FD48-1F32-4787-8914-CE61765E2D7B}.Debug|Any CPU.ActiveCfg = Debug|Any CPU
		{4A96FD48-1F32-4787-8914-CE61765E2D7B}.Debug|Any CPU.Build.0 = Debug|Any CPU
		{4A96FD48-1F32-4787-8914-CE61765E2D7B}.Release|Any CPU.ActiveCfg = Release|Any CPU
		{4A96FD48-1F32-4787-8914-CE61765E2D7B}.Release|Any CPU.Build.0 = Release|Any CPU
		{AB5DD339-5F31-4B97-B883-8D87119A4D9C}.Debug|Any CPU.ActiveCfg = Debug|Any CPU
		{AB5DD339-5F31-4B97-B883-8D87119A4D9C}.Debug|Any CPU.Build.0 = Debug|Any CPU
		{AB5DD339-5F31-4B97-B883-8D87119A4D9C}.Release|Any CPU.ActiveCfg = Release|Any CPU
		{AB5DD339-5F31-4B97-B883-8D87119A4D9C}.Release|Any CPU.Build.0 = Release|Any CPU
		{BA262BD4-86FD-45C4-9AF3-42F55091728C}.Debug|Any CPU.ActiveCfg = Debug|Any CPU
		{BA262BD4-86FD-45C4-9AF3-42F55091728C}.Debug|Any CPU.Build.0 = Debug|Any CPU
		{BA262BD4-86FD-45C4-9AF3-42F55091728C}.Release|Any CPU.ActiveCfg = Release|Any CPU
		{BA262BD4-86FD-45C4-9AF3-42F55091728C}.Release|Any CPU.Build.0 = Release|Any CPU
		{37C9ABAA-E217-43C1-9E78-D45B721DA6B7}.Debug|Any CPU.ActiveCfg = Debug|Any CPU
		{37C9ABAA-E217-43C1-9E78-D45B721DA6B7}.Debug|Any CPU.Build.0 = Debug|Any CPU
		{37C9ABAA-E217-43C1-9E78-D45B721DA6B7}.Release|Any CPU.ActiveCfg = Release|Any CPU
		{37C9ABAA-E217-43C1-9E78-D45B721DA6B7}.Release|Any CPU.Build.0 = Release|Any CPU
		{BA0279F1-B785-4882-A0F1-214AD8F8A5C2}.Debug|Any CPU.ActiveCfg = Debug|Any CPU
		{BA0279F1-B785-4882-A0F1-214AD8F8A5C2}.Debug|Any CPU.Build.0 = Debug|Any CPU
		{BA0279F1-B785-4882-A0F1-214AD8F8A5C2}.Release|Any CPU.ActiveCfg = Release|Any CPU
		{BA0279F1-B785-4882-A0F1-214AD8F8A5C2}.Release|Any CPU.Build.0 = Release|Any CPU
		{ADF5C5A0-292A-47E8-933D-0E49159ECF8A}.Debug|Any CPU.ActiveCfg = Debug|Any CPU
		{ADF5C5A0-292A-47E8-933D-0E49159ECF8A}.Debug|Any CPU.Build.0 = Debug|Any CPU
		{ADF5C5A0-292A-47E8-933D-0E49159ECF8A}.Release|Any CPU.ActiveCfg = Release|Any CPU
		{ADF5C5A0-292A-47E8-933D-0E49159ECF8A}.Release|Any CPU.Build.0 = Release|Any CPU
		{07EF2F57-0E96-4C38-A4E5-10C825963B33}.Debug|Any CPU.ActiveCfg = Debug|Any CPU
		{07EF2F57-0E96-4C38-A4E5-10C825963B33}.Debug|Any CPU.Build.0 = Debug|Any CPU
		{07EF2F57-0E96-4C38-A4E5-10C825963B33}.Release|Any CPU.ActiveCfg = Release|Any CPU
		{07EF2F57-0E96-4C38-A4E5-10C825963B33}.Release|Any CPU.Build.0 = Release|Any CPU
		{1E5B4E96-249C-4239-81E1-ECC45EC1E84E}.Debug|Any CPU.ActiveCfg = Debug|Any CPU
		{1E5B4E96-249C-4239-81E1-ECC45EC1E84E}.Debug|Any CPU.Build.0 = Debug|Any CPU
		{1E5B4E96-249C-4239-81E1-ECC45EC1E84E}.Release|Any CPU.ActiveCfg = Release|Any CPU
		{1E5B4E96-249C-4239-81E1-ECC45EC1E84E}.Release|Any CPU.Build.0 = Release|Any CPU
		{B73A83B8-8E52-4CBA-AA33-19073A170AE1}.Debug|Any CPU.ActiveCfg = Debug|Any CPU
		{B73A83B8-8E52-4CBA-AA33-19073A170AE1}.Debug|Any CPU.Build.0 = Debug|Any CPU
		{B73A83B8-8E52-4CBA-AA33-19073A170AE1}.Release|Any CPU.ActiveCfg = Release|Any CPU
		{B73A83B8-8E52-4CBA-AA33-19073A170AE1}.Release|Any CPU.Build.0 = Release|Any CPU
		{3293F4D5-E1A8-46BA-A1B3-B06095D16FBA}.Debug|Any CPU.ActiveCfg = Debug|Any CPU
		{3293F4D5-E1A8-46BA-A1B3-B06095D16FBA}.Debug|Any CPU.Build.0 = Debug|Any CPU
		{3293F4D5-E1A8-46BA-A1B3-B06095D16FBA}.Release|Any CPU.ActiveCfg = Release|Any CPU
		{3293F4D5-E1A8-46BA-A1B3-B06095D16FBA}.Release|Any CPU.Build.0 = Release|Any CPU
		{84F8778A-588B-4921-971F-B5D79BD41040}.Debug|Any CPU.ActiveCfg = Debug|Any CPU
		{84F8778A-588B-4921-971F-B5D79BD41040}.Debug|Any CPU.Build.0 = Debug|Any CPU
		{84F8778A-588B-4921-971F-B5D79BD41040}.Release|Any CPU.ActiveCfg = Release|Any CPU
		{84F8778A-588B-4921-971F-B5D79BD41040}.Release|Any CPU.Build.0 = Release|Any CPU
		{039921D8-4248-4929-9600-F6794AEB46E0}.Debug|Any CPU.ActiveCfg = Debug|Any CPU
		{039921D8-4248-4929-9600-F6794AEB46E0}.Debug|Any CPU.Build.0 = Debug|Any CPU
		{039921D8-4248-4929-9600-F6794AEB46E0}.Release|Any CPU.ActiveCfg = Release|Any CPU
		{039921D8-4248-4929-9600-F6794AEB46E0}.Release|Any CPU.Build.0 = Release|Any CPU
		{905A3F34-17E4-4E91-BECB-68F701EEDBE7}.Debug|Any CPU.ActiveCfg = Debug|Any CPU
		{905A3F34-17E4-4E91-BECB-68F701EEDBE7}.Debug|Any CPU.Build.0 = Debug|Any CPU
		{905A3F34-17E4-4E91-BECB-68F701EEDBE7}.Release|Any CPU.ActiveCfg = Release|Any CPU
		{905A3F34-17E4-4E91-BECB-68F701EEDBE7}.Release|Any CPU.Build.0 = Release|Any CPU
		{2242FC5A-384D-4644-85C0-8D8AA1D7D2DB}.Debug|Any CPU.ActiveCfg = Debug|Any CPU
		{2242FC5A-384D-4644-85C0-8D8AA1D7D2DB}.Debug|Any CPU.Build.0 = Debug|Any CPU
		{2242FC5A-384D-4644-85C0-8D8AA1D7D2DB}.Release|Any CPU.ActiveCfg = Release|Any CPU
		{2242FC5A-384D-4644-85C0-8D8AA1D7D2DB}.Release|Any CPU.Build.0 = Release|Any CPU
		{DCE0ABDE-C706-4357-B2C2-508E5E5E4028}.Debug|Any CPU.ActiveCfg = Debug|Any CPU
		{DCE0ABDE-C706-4357-B2C2-508E5E5E4028}.Debug|Any CPU.Build.0 = Debug|Any CPU
		{DCE0ABDE-C706-4357-B2C2-508E5E5E4028}.Release|Any CPU.ActiveCfg = Release|Any CPU
		{DCE0ABDE-C706-4357-B2C2-508E5E5E4028}.Release|Any CPU.Build.0 = Release|Any CPU
		{F6BCF270-F199-4DD7-A1C3-D4132FDBDC03}.Debug|Any CPU.ActiveCfg = Debug|Any CPU
		{F6BCF270-F199-4DD7-A1C3-D4132FDBDC03}.Debug|Any CPU.Build.0 = Debug|Any CPU
		{F6BCF270-F199-4DD7-A1C3-D4132FDBDC03}.Release|Any CPU.ActiveCfg = Release|Any CPU
		{F6BCF270-F199-4DD7-A1C3-D4132FDBDC03}.Release|Any CPU.Build.0 = Release|Any CPU
		{495F1E24-3A2E-44D1-BE21-07ABAD784B22}.Debug|Any CPU.ActiveCfg = Debug|Any CPU
		{495F1E24-3A2E-44D1-BE21-07ABAD784B22}.Debug|Any CPU.Build.0 = Debug|Any CPU
		{495F1E24-3A2E-44D1-BE21-07ABAD784B22}.Release|Any CPU.ActiveCfg = Release|Any CPU
		{495F1E24-3A2E-44D1-BE21-07ABAD784B22}.Release|Any CPU.Build.0 = Release|Any CPU
		{8B8EEB17-30F9-40D5-9C6B-BB80E0C5E5CC}.Debug|Any CPU.ActiveCfg = Debug|Any CPU
		{8B8EEB17-30F9-40D5-9C6B-BB80E0C5E5CC}.Debug|Any CPU.Build.0 = Debug|Any CPU
		{8B8EEB17-30F9-40D5-9C6B-BB80E0C5E5CC}.Release|Any CPU.ActiveCfg = Release|Any CPU
		{8B8EEB17-30F9-40D5-9C6B-BB80E0C5E5CC}.Release|Any CPU.Build.0 = Release|Any CPU
		{783E79C6-5B84-4E1C-B80D-E6205BAAF754}.Debug|Any CPU.ActiveCfg = Debug|Any CPU
		{783E79C6-5B84-4E1C-B80D-E6205BAAF754}.Debug|Any CPU.Build.0 = Debug|Any CPU
		{783E79C6-5B84-4E1C-B80D-E6205BAAF754}.Release|Any CPU.ActiveCfg = Release|Any CPU
		{783E79C6-5B84-4E1C-B80D-E6205BAAF754}.Release|Any CPU.Build.0 = Release|Any CPU
		{9F7C7EF9-DFE1-4CF1-BBA4-E76618D973E8}.Debug|Any CPU.ActiveCfg = Debug|Any CPU
		{9F7C7EF9-DFE1-4CF1-BBA4-E76618D973E8}.Debug|Any CPU.Build.0 = Debug|Any CPU
		{9F7C7EF9-DFE1-4CF1-BBA4-E76618D973E8}.Release|Any CPU.ActiveCfg = Release|Any CPU
		{9F7C7EF9-DFE1-4CF1-BBA4-E76618D973E8}.Release|Any CPU.Build.0 = Release|Any CPU
		{2B8CA8C4-B09F-4161-9687-14CCC589D1F4}.Debug|Any CPU.ActiveCfg = Debug|Any CPU
		{2B8CA8C4-B09F-4161-9687-14CCC589D1F4}.Debug|Any CPU.Build.0 = Debug|Any CPU
		{2B8CA8C4-B09F-4161-9687-14CCC589D1F4}.Release|Any CPU.ActiveCfg = Release|Any CPU
		{2B8CA8C4-B09F-4161-9687-14CCC589D1F4}.Release|Any CPU.Build.0 = Release|Any CPU
		{1126A06F-C907-455B-8401-F5BBF1142AEE}.Debug|Any CPU.ActiveCfg = Debug|Any CPU
		{1126A06F-C907-455B-8401-F5BBF1142AEE}.Debug|Any CPU.Build.0 = Debug|Any CPU
		{1126A06F-C907-455B-8401-F5BBF1142AEE}.Release|Any CPU.ActiveCfg = Release|Any CPU
		{1126A06F-C907-455B-8401-F5BBF1142AEE}.Release|Any CPU.Build.0 = Release|Any CPU
		{39EA2A18-2DD0-4C9D-988F-E61EF77ADF1A}.Debug|Any CPU.ActiveCfg = Debug|Any CPU
		{39EA2A18-2DD0-4C9D-988F-E61EF77ADF1A}.Debug|Any CPU.Build.0 = Debug|Any CPU
		{39EA2A18-2DD0-4C9D-988F-E61EF77ADF1A}.Release|Any CPU.ActiveCfg = Release|Any CPU
		{39EA2A18-2DD0-4C9D-988F-E61EF77ADF1A}.Release|Any CPU.Build.0 = Release|Any CPU
		{59677058-994E-487E-B294-EE9C71DA96D2}.Debug|Any CPU.ActiveCfg = Debug|Any CPU
		{59677058-994E-487E-B294-EE9C71DA96D2}.Debug|Any CPU.Build.0 = Debug|Any CPU
		{59677058-994E-487E-B294-EE9C71DA96D2}.Release|Any CPU.ActiveCfg = Release|Any CPU
		{59677058-994E-487E-B294-EE9C71DA96D2}.Release|Any CPU.Build.0 = Release|Any CPU
		{16A1506C-A00D-450F-8782-43060B8C240B}.Debug|Any CPU.ActiveCfg = Debug|Any CPU
		{16A1506C-A00D-450F-8782-43060B8C240B}.Debug|Any CPU.Build.0 = Debug|Any CPU
		{16A1506C-A00D-450F-8782-43060B8C240B}.Release|Any CPU.ActiveCfg = Release|Any CPU
		{16A1506C-A00D-450F-8782-43060B8C240B}.Release|Any CPU.Build.0 = Release|Any CPU
		{5B2200C9-36FE-4D5B-BA73-B0171FAE6A01}.Debug|Any CPU.ActiveCfg = Debug|Any CPU
		{5B2200C9-36FE-4D5B-BA73-B0171FAE6A01}.Debug|Any CPU.Build.0 = Debug|Any CPU
		{5B2200C9-36FE-4D5B-BA73-B0171FAE6A01}.Release|Any CPU.ActiveCfg = Release|Any CPU
		{5B2200C9-36FE-4D5B-BA73-B0171FAE6A01}.Release|Any CPU.Build.0 = Release|Any CPU
		{165E63CF-5C74-4DF5-A4B1-5883ED032F2C}.Debug|Any CPU.ActiveCfg = Debug|Any CPU
		{165E63CF-5C74-4DF5-A4B1-5883ED032F2C}.Debug|Any CPU.Build.0 = Debug|Any CPU
		{165E63CF-5C74-4DF5-A4B1-5883ED032F2C}.Release|Any CPU.ActiveCfg = Release|Any CPU
		{165E63CF-5C74-4DF5-A4B1-5883ED032F2C}.Release|Any CPU.Build.0 = Release|Any CPU
		{80F6E25B-6F22-4D14-9C0D-9C6AEF30A5D1}.Debug|Any CPU.ActiveCfg = Debug|Any CPU
		{80F6E25B-6F22-4D14-9C0D-9C6AEF30A5D1}.Debug|Any CPU.Build.0 = Debug|Any CPU
		{80F6E25B-6F22-4D14-9C0D-9C6AEF30A5D1}.Release|Any CPU.ActiveCfg = Release|Any CPU
		{80F6E25B-6F22-4D14-9C0D-9C6AEF30A5D1}.Release|Any CPU.Build.0 = Release|Any CPU
		{6D8DC78C-F1D1-43E6-B1FC-3DA5AE1CF8D2}.Debug|Any CPU.ActiveCfg = Debug|Any CPU
		{6D8DC78C-F1D1-43E6-B1FC-3DA5AE1CF8D2}.Debug|Any CPU.Build.0 = Debug|Any CPU
		{6D8DC78C-F1D1-43E6-B1FC-3DA5AE1CF8D2}.Release|Any CPU.ActiveCfg = Release|Any CPU
		{6D8DC78C-F1D1-43E6-B1FC-3DA5AE1CF8D2}.Release|Any CPU.Build.0 = Release|Any CPU
		{57773A8F-94BB-442F-97E2-A2B7755AA945}.Debug|Any CPU.ActiveCfg = Debug|Any CPU
		{57773A8F-94BB-442F-97E2-A2B7755AA945}.Debug|Any CPU.Build.0 = Debug|Any CPU
		{57773A8F-94BB-442F-97E2-A2B7755AA945}.Release|Any CPU.ActiveCfg = Release|Any CPU
		{57773A8F-94BB-442F-97E2-A2B7755AA945}.Release|Any CPU.Build.0 = Release|Any CPU
		{3E5DC4CA-772C-4FAF-8B11-CC3AECE210E0}.Debug|Any CPU.ActiveCfg = Debug|Any CPU
		{3E5DC4CA-772C-4FAF-8B11-CC3AECE210E0}.Debug|Any CPU.Build.0 = Debug|Any CPU
		{3E5DC4CA-772C-4FAF-8B11-CC3AECE210E0}.Release|Any CPU.ActiveCfg = Release|Any CPU
		{3E5DC4CA-772C-4FAF-8B11-CC3AECE210E0}.Release|Any CPU.Build.0 = Release|Any CPU
		{9E6AB65E-1531-4139-88E4-94E5F5C87659}.Debug|Any CPU.ActiveCfg = Debug|Any CPU
		{9E6AB65E-1531-4139-88E4-94E5F5C87659}.Debug|Any CPU.Build.0 = Debug|Any CPU
		{9E6AB65E-1531-4139-88E4-94E5F5C87659}.Release|Any CPU.ActiveCfg = Release|Any CPU
		{9E6AB65E-1531-4139-88E4-94E5F5C87659}.Release|Any CPU.Build.0 = Release|Any CPU
		{2A91ABB0-3955-4E08-8C20-6231A2D0F17D}.Debug|Any CPU.ActiveCfg = Debug|Any CPU
		{2A91ABB0-3955-4E08-8C20-6231A2D0F17D}.Debug|Any CPU.Build.0 = Debug|Any CPU
		{2A91ABB0-3955-4E08-8C20-6231A2D0F17D}.Release|Any CPU.ActiveCfg = Release|Any CPU
		{2A91ABB0-3955-4E08-8C20-6231A2D0F17D}.Release|Any CPU.Build.0 = Release|Any CPU
		{4A1E9838-AF76-4A25-93FE-B8DC12C54B47}.Debug|Any CPU.ActiveCfg = Debug|Any CPU
		{4A1E9838-AF76-4A25-93FE-B8DC12C54B47}.Debug|Any CPU.Build.0 = Debug|Any CPU
		{4A1E9838-AF76-4A25-93FE-B8DC12C54B47}.Release|Any CPU.ActiveCfg = Release|Any CPU
		{4A1E9838-AF76-4A25-93FE-B8DC12C54B47}.Release|Any CPU.Build.0 = Release|Any CPU
		{000AFD31-3BB7-4CD2-AB4D-6B2E33FE6676}.Debug|Any CPU.ActiveCfg = Debug|Any CPU
		{000AFD31-3BB7-4CD2-AB4D-6B2E33FE6676}.Debug|Any CPU.Build.0 = Debug|Any CPU
		{000AFD31-3BB7-4CD2-AB4D-6B2E33FE6676}.Release|Any CPU.ActiveCfg = Release|Any CPU
		{000AFD31-3BB7-4CD2-AB4D-6B2E33FE6676}.Release|Any CPU.Build.0 = Release|Any CPU
		{01E7FED7-50D0-43D1-A49F-7BB3FC792365}.Debug|Any CPU.ActiveCfg = Debug|Any CPU
		{01E7FED7-50D0-43D1-A49F-7BB3FC792365}.Debug|Any CPU.Build.0 = Debug|Any CPU
		{01E7FED7-50D0-43D1-A49F-7BB3FC792365}.Release|Any CPU.ActiveCfg = Release|Any CPU
		{01E7FED7-50D0-43D1-A49F-7BB3FC792365}.Release|Any CPU.Build.0 = Release|Any CPU
		{714E7713-4436-4FDC-B215-240F043196DD}.Debug|Any CPU.ActiveCfg = Debug|Any CPU
		{714E7713-4436-4FDC-B215-240F043196DD}.Debug|Any CPU.Build.0 = Debug|Any CPU
		{714E7713-4436-4FDC-B215-240F043196DD}.Release|Any CPU.ActiveCfg = Release|Any CPU
		{714E7713-4436-4FDC-B215-240F043196DD}.Release|Any CPU.Build.0 = Release|Any CPU
		{37DF1D99-9AE6-4678-82DC-161EB945475C}.Debug|Any CPU.ActiveCfg = Debug|Any CPU
		{37DF1D99-9AE6-4678-82DC-161EB945475C}.Debug|Any CPU.Build.0 = Debug|Any CPU
		{37DF1D99-9AE6-4678-82DC-161EB945475C}.Release|Any CPU.ActiveCfg = Release|Any CPU
		{37DF1D99-9AE6-4678-82DC-161EB945475C}.Release|Any CPU.Build.0 = Release|Any CPU
		{66C56082-AF76-4233-998A-8F4ABABFB992}.Debug|Any CPU.ActiveCfg = Debug|Any CPU
		{66C56082-AF76-4233-998A-8F4ABABFB992}.Debug|Any CPU.Build.0 = Debug|Any CPU
		{66C56082-AF76-4233-998A-8F4ABABFB992}.Release|Any CPU.ActiveCfg = Release|Any CPU
		{66C56082-AF76-4233-998A-8F4ABABFB992}.Release|Any CPU.Build.0 = Release|Any CPU
		{A69ED109-DD53-4AFB-89B2-13B3906FDBFA}.Debug|Any CPU.ActiveCfg = Debug|Any CPU
		{A69ED109-DD53-4AFB-89B2-13B3906FDBFA}.Debug|Any CPU.Build.0 = Debug|Any CPU
		{A69ED109-DD53-4AFB-89B2-13B3906FDBFA}.Release|Any CPU.ActiveCfg = Release|Any CPU
		{A69ED109-DD53-4AFB-89B2-13B3906FDBFA}.Release|Any CPU.Build.0 = Release|Any CPU
		{221B3943-63F1-424A-A62D-695A615089CC}.Debug|Any CPU.ActiveCfg = Debug|Any CPU
		{221B3943-63F1-424A-A62D-695A615089CC}.Debug|Any CPU.Build.0 = Debug|Any CPU
		{221B3943-63F1-424A-A62D-695A615089CC}.Release|Any CPU.ActiveCfg = Release|Any CPU
		{221B3943-63F1-424A-A62D-695A615089CC}.Release|Any CPU.Build.0 = Release|Any CPU
		{28D8BC3F-E30E-4E7A-8CE3-C992CB79FB2E}.Debug|Any CPU.ActiveCfg = Debug|Any CPU
		{28D8BC3F-E30E-4E7A-8CE3-C992CB79FB2E}.Debug|Any CPU.Build.0 = Debug|Any CPU
		{28D8BC3F-E30E-4E7A-8CE3-C992CB79FB2E}.Release|Any CPU.ActiveCfg = Release|Any CPU
		{28D8BC3F-E30E-4E7A-8CE3-C992CB79FB2E}.Release|Any CPU.Build.0 = Release|Any CPU
		{FF25A7A5-D307-435B-8631-95B5FE48AD61}.Debug|Any CPU.ActiveCfg = Debug|Any CPU
		{FF25A7A5-D307-435B-8631-95B5FE48AD61}.Debug|Any CPU.Build.0 = Debug|Any CPU
		{FF25A7A5-D307-435B-8631-95B5FE48AD61}.Release|Any CPU.ActiveCfg = Release|Any CPU
		{FF25A7A5-D307-435B-8631-95B5FE48AD61}.Release|Any CPU.Build.0 = Release|Any CPU
		{139D569E-456B-4EF8-B46C-C85F0B6A62A4}.Debug|Any CPU.ActiveCfg = Debug|Any CPU
		{139D569E-456B-4EF8-B46C-C85F0B6A62A4}.Debug|Any CPU.Build.0 = Debug|Any CPU
		{139D569E-456B-4EF8-B46C-C85F0B6A62A4}.Release|Any CPU.ActiveCfg = Release|Any CPU
		{139D569E-456B-4EF8-B46C-C85F0B6A62A4}.Release|Any CPU.Build.0 = Release|Any CPU
	EndGlobalSection
	GlobalSection(SolutionProperties) = preSolution
		HideSolutionNode = FALSE
	EndGlobalSection
	GlobalSection(NestedProjects) = preSolution
		{4A96FD48-1F32-4787-8914-CE61765E2D7B} = {66EE5B92-EBBC-4F0A-A67F-232B0F1FA5C0}
		{AB5DD339-5F31-4B97-B883-8D87119A4D9C} = {66EE5B92-EBBC-4F0A-A67F-232B0F1FA5C0}
		{BA262BD4-86FD-45C4-9AF3-42F55091728C} = {66EE5B92-EBBC-4F0A-A67F-232B0F1FA5C0}
		{37C9ABAA-E217-43C1-9E78-D45B721DA6B7} = {66EE5B92-EBBC-4F0A-A67F-232B0F1FA5C0}
		{BA0279F1-B785-4882-A0F1-214AD8F8A5C2} = {66EE5B92-EBBC-4F0A-A67F-232B0F1FA5C0}
		{ADF5C5A0-292A-47E8-933D-0E49159ECF8A} = {66EE5B92-EBBC-4F0A-A67F-232B0F1FA5C0}
		{07EF2F57-0E96-4C38-A4E5-10C825963B33} = {66EE5B92-EBBC-4F0A-A67F-232B0F1FA5C0}
		{1E5B4E96-249C-4239-81E1-ECC45EC1E84E} = {66EE5B92-EBBC-4F0A-A67F-232B0F1FA5C0}
		{B73A83B8-8E52-4CBA-AA33-19073A170AE1} = {66EE5B92-EBBC-4F0A-A67F-232B0F1FA5C0}
		{3293F4D5-E1A8-46BA-A1B3-B06095D16FBA} = {66EE5B92-EBBC-4F0A-A67F-232B0F1FA5C0}
		{84F8778A-588B-4921-971F-B5D79BD41040} = {66EE5B92-EBBC-4F0A-A67F-232B0F1FA5C0}
		{039921D8-4248-4929-9600-F6794AEB46E0} = {A520C293-BEE3-463F-A448-488C5EC15D24}
		{905A3F34-17E4-4E91-BECB-68F701EEDBE7} = {A520C293-BEE3-463F-A448-488C5EC15D24}
		{2242FC5A-384D-4644-85C0-8D8AA1D7D2DB} = {A520C293-BEE3-463F-A448-488C5EC15D24}
		{DCE0ABDE-C706-4357-B2C2-508E5E5E4028} = {A520C293-BEE3-463F-A448-488C5EC15D24}
		{F6BCF270-F199-4DD7-A1C3-D4132FDBDC03} = {A520C293-BEE3-463F-A448-488C5EC15D24}
		{495F1E24-3A2E-44D1-BE21-07ABAD784B22} = {A520C293-BEE3-463F-A448-488C5EC15D24}
		{8B8EEB17-30F9-40D5-9C6B-BB80E0C5E5CC} = {A520C293-BEE3-463F-A448-488C5EC15D24}
		{783E79C6-5B84-4E1C-B80D-E6205BAAF754} = {A520C293-BEE3-463F-A448-488C5EC15D24}
		{9F7C7EF9-DFE1-4CF1-BBA4-E76618D973E8} = {A520C293-BEE3-463F-A448-488C5EC15D24}
		{2B8CA8C4-B09F-4161-9687-14CCC589D1F4} = {A520C293-BEE3-463F-A448-488C5EC15D24}
		{1126A06F-C907-455B-8401-F5BBF1142AEE} = {A520C293-BEE3-463F-A448-488C5EC15D24}
		{39EA2A18-2DD0-4C9D-988F-E61EF77ADF1A} = {B5EA3087-36A6-4F1B-B57D-B4A0439552AF}
		{59677058-994E-487E-B294-EE9C71DA96D2} = {B5EA3087-36A6-4F1B-B57D-B4A0439552AF}
		{16A1506C-A00D-450F-8782-43060B8C240B} = {B5EA3087-36A6-4F1B-B57D-B4A0439552AF}
		{5B2200C9-36FE-4D5B-BA73-B0171FAE6A01} = {B5EA3087-36A6-4F1B-B57D-B4A0439552AF}
		{165E63CF-5C74-4DF5-A4B1-5883ED032F2C} = {B5EA3087-36A6-4F1B-B57D-B4A0439552AF}
		{80F6E25B-6F22-4D14-9C0D-9C6AEF30A5D1} = {B5EA3087-36A6-4F1B-B57D-B4A0439552AF}
		{6D8DC78C-F1D1-43E6-B1FC-3DA5AE1CF8D2} = {B5EA3087-36A6-4F1B-B57D-B4A0439552AF}
		{57773A8F-94BB-442F-97E2-A2B7755AA945} = {B5EA3087-36A6-4F1B-B57D-B4A0439552AF}
		{3E5DC4CA-772C-4FAF-8B11-CC3AECE210E0} = {B5EA3087-36A6-4F1B-B57D-B4A0439552AF}
		{9E6AB65E-1531-4139-88E4-94E5F5C87659} = {B5EA3087-36A6-4F1B-B57D-B4A0439552AF}
		{2A91ABB0-3955-4E08-8C20-6231A2D0F17D} = {B5EA3087-36A6-4F1B-B57D-B4A0439552AF}
		{4A1E9838-AF76-4A25-93FE-B8DC12C54B47} = {B5283FD4-D6AD-45BE-AEC5-BD933F9C4533}
		{000AFD31-3BB7-4CD2-AB4D-6B2E33FE6676} = {B5283FD4-D6AD-45BE-AEC5-BD933F9C4533}
		{01E7FED7-50D0-43D1-A49F-7BB3FC792365} = {B5283FD4-D6AD-45BE-AEC5-BD933F9C4533}
		{714E7713-4436-4FDC-B215-240F043196DD} = {B5283FD4-D6AD-45BE-AEC5-BD933F9C4533}
		{37DF1D99-9AE6-4678-82DC-161EB945475C} = {B5283FD4-D6AD-45BE-AEC5-BD933F9C4533}
		{66C56082-AF76-4233-998A-8F4ABABFB992} = {B5283FD4-D6AD-45BE-AEC5-BD933F9C4533}
		{A69ED109-DD53-4AFB-89B2-13B3906FDBFA} = {B5283FD4-D6AD-45BE-AEC5-BD933F9C4533}
		{221B3943-63F1-424A-A62D-695A615089CC} = {B5283FD4-D6AD-45BE-AEC5-BD933F9C4533}
		{28D8BC3F-E30E-4E7A-8CE3-C992CB79FB2E} = {B5283FD4-D6AD-45BE-AEC5-BD933F9C4533}
		{FF25A7A5-D307-435B-8631-95B5FE48AD61} = {B5283FD4-D6AD-45BE-AEC5-BD933F9C4533}
		{139D569E-456B-4EF8-B46C-C85F0B6A62A4} = {B5283FD4-D6AD-45BE-AEC5-BD933F9C4533}
	EndGlobalSection
	GlobalSection(ExtensibilityGlobals) = postSolution
		SolutionGuid = {A562724F-A53A-4048-8F82-F40597B34CE3}
	EndGlobalSection
EndGlobal
